
Microsoft Visual Studio Solution File, Format Version 12.00
# Visual Studio Version 16
VisualStudioVersion = 16.0.29001.49
MinimumVisualStudioVersion = 10.0.40219.1
Project("{FAE04EC0-301F-11D3-BF4B-00C04F79EFBC}") = "CargoDelivery", "CargoDelivery\CargoDelivery.csproj", "{31ADEA6D-CA81-4117-9D6C-F8959AF9C4CA}"
EndProject
Project("{FAE04EC0-301F-11D3-BF4B-00C04F79EFBC}") = "CargoDelivery.Tests", "CargoDelivery.Tests\CargoDelivery.Tests.csproj", "{123A3134-15EE-4677-A4B5-241F54D77009}"
EndProject
Global
	GlobalSection(SolutionConfigurationPlatforms) = preSolution
		Debug|Any CPU = Debug|Any CPU
		Release|Any CPU = Release|Any CPU
	EndGlobalSection
	GlobalSection(ProjectConfigurationPlatforms) = postSolution
		{31ADEA6D-CA81-4117-9D6C-F8959AF9C4CA}.Debug|Any CPU.ActiveCfg = Debug|Any CPU
		{31ADEA6D-CA81-4117-9D6C-F8959AF9C4CA}.Debug|Any CPU.Build.0 = Debug|Any CPU
		{31ADEA6D-CA81-4117-9D6C-F8959AF9C4CA}.Release|Any CPU.ActiveCfg = Release|Any CPU
		{31ADEA6D-CA81-4117-9D6C-F8959AF9C4CA}.Release|Any CPU.Build.0 = Release|Any CPU
		{123A3134-15EE-4677-A4B5-241F54D77009}.Debug|Any CPU.ActiveCfg = Debug|Any CPU
		{123A3134-15EE-4677-A4B5-241F54D77009}.Debug|Any CPU.Build.0 = Debug|Any CPU
		{123A3134-15EE-4677-A4B5-241F54D77009}.Release|Any CPU.ActiveCfg = Release|Any CPU
		{123A3134-15EE-4677-A4B5-241F54D77009}.Release|Any CPU.Build.0 = Release|Any CPU
	EndGlobalSection
	GlobalSection(SolutionProperties) = preSolution
		HideSolutionNode = FALSE
	EndGlobalSection
	GlobalSection(ExtensibilityGlobals) = postSolution
		SolutionGuid = {3027A197-4137-4BA8-8809-533DC1926F2C}
	EndGlobalSection
EndGlobal
